
Microsoft Visual Studio Solution File, Format Version 10.00
# Visual Studio 2008
Project("{FAE04EC0-301F-11D3-BF4B-00C04F79EFBC}") = "STDLINK", "STDLINK\STDLINK.csproj", "{D12E9713-3121-4B0C-BF90-A28940B74FC5}"
EndProject
Global
	GlobalSection(SolutionConfigurationPlatforms) = preSolution
		Debug|Any CPU = Debug|Any CPU
		Release|Any CPU = Release|Any CPU
	EndGlobalSection
	GlobalSection(ProjectConfigurationPlatforms) = postSolution
		{D12E9713-3121-4B0C-BF90-A28940B74FC5}.Debug|Any CPU.ActiveCfg = Debug|Any CPU
		{D12E9713-3121-4B0C-BF90-A28940B74FC5}.Debug|Any CPU.Build.0 = Debug|Any CPU
		{D12E9713-3121-4B0C-BF90-A28940B74FC5}.Release|Any CPU.ActiveCfg = Release|Any CPU
		{D12E9713-3121-4B0C-BF90-A28940B74FC5}.Release|Any CPU.Build.0 = Release|Any CPU
	EndGlobalSection
	GlobalSection(SolutionProperties) = preSolution
		HideSolutionNode = FALSE
	EndGlobalSection
EndGlobal
